Microsoft Visual Studio Solution File, Format Version 12.00
# Visual Studio Version 17
VisualStudioVersion = 17.5.2.0
MinimumVisualStudioVersion = 10.0.40219.1
Project("{FAE04EC0-301F-11D3-BF4B-00C04F79EFBC}") = "CleanAPIPJ", "CleanAPIPJ.csproj", "{8F33AFD3-BFDE-EDD6-E1C5-D22C589DBBAF}"
EndProject
Global
	GlobalSection(SolutionConfigurationPlatforms) = preSolution
		Debug|Any CPU = Debug|Any CPU
		Release|Any CPU = Release|Any CPU
	EndGlobalSection
	GlobalSection(ProjectConfigurationPlatforms) = postSolution
		{8F33AFD3-BFDE-EDD6-E1C5-D22C589DBBAF}.Debug|Any CPU.ActiveCfg = Debug|Any CPU
		{8F33AFD3-BFDE-EDD6-E1C5-D22C589DBBAF}.Debug|Any CPU.Build.0 = Debug|Any CPU
		{8F33AFD3-BFDE-EDD6-E1C5-D22C589DBBAF}.Release|Any CPU.ActiveCfg = Release|Any CPU
		{8F33AFD3-BFDE-EDD6-E1C5-D22C589DBBAF}.Release|Any CPU.Build.0 = Release|Any CPU
	EndGlobalSection
	GlobalSection(SolutionProperties) = preSolution
		HideSolutionNode = FALSE
	EndGlobalSection
	GlobalSection(ExtensibilityGlobals) = postSolution
		SolutionGuid = {BB9296F7-FA05-4E0E-912B-EACB8E0D1E57}
	EndGlobalSection
EndGlobal
